
Microsoft Visual Studio Solution File, Format Version 12.00
# Visual Studio 14
VisualStudioVersion = 14.0.25420.1
MinimumVisualStudioVersion = 10.0.40219.1
Project("{FAE04EC0-301F-11D3-BF4B-00C04F79EFBC}") = "MyTips.Droid", "MyTips\MyTips.Droid\MyTips.Droid.csproj", "{E2D17450-3E25-479D-A72C-B0D9A7312E20}"
EndProject
Project("{FAE04EC0-301F-11D3-BF4B-00C04F79EFBC}") = "MyTips.iOS", "MyTips\MyTips.iOS\MyTips.iOS.csproj", "{4626B1A9-EB7A-4491-AB5C-0825C38844C6}"
EndProject
Project("{FAE04EC0-301F-11D3-BF4B-00C04F79EFBC}") = "MyTips.WinPhone", "MyTips\MyTips.WinPhone\MyTips.WinPhone.csproj", "{8C210014-618A-4E06-82A9-89C02955EE53}"
EndProject
Project("{FAE04EC0-301F-11D3-BF4B-00C04F79EFBC}") = "MyTips.UWP", "MyTips\MyTips.UWP\MyTips.UWP.csproj", "{761AD49D-7DE4-4F4D-A71D-4CBC9F5EE8EF}"
EndProject
Project("{FAE04EC0-301F-11D3-BF4B-00C04F79EFBC}") = "MyTips.Windows", "MyTips\MyTips.Windows\MyTips.Windows.csproj", "{922BA50E-5DED-4D61-AAF0-43BE479088DC}"
EndProject
Project("{FAE04EC0-301F-11D3-BF4B-00C04F79EFBC}") = "MyTips", "MyTips\MyTips\MyTips.csproj", "{69D36604-9689-457F-AD6A-0E1C194C6FB2}"
EndProject
Project("{2150E333-8FDC-42A3-9474-1A3956D46DE8}") = "Tests", "Tests", "{DE9A6E38-DA62-46D6-B6D4-A33F2689F000}"
EndProject
Project("{FAE04EC0-301F-11D3-BF4B-00C04F79EFBC}") = "MyTips.Test", "MyTips.Test\MyTips.Test.csproj", "{9BD69D2F-F340-4555-8CAE-85BD3C089722}"
EndProject
Project("{FAE04EC0-301F-11D3-BF4B-00C04F79EFBC}") = "MyTips.UITest", "MyTips.UITest\MyTips.UITest.csproj", "{33B1157A-46B5-4FB6-8143-AD2821D9BCDC}"
EndProject
Global
	GlobalSection(SolutionConfigurationPlatforms) = preSolution
		Ad-Hoc|Any CPU = Ad-Hoc|Any CPU
		Ad-Hoc|ARM = Ad-Hoc|ARM
		Ad-Hoc|iPhone = Ad-Hoc|iPhone
		Ad-Hoc|iPhoneSimulator = Ad-Hoc|iPhoneSimulator
		Ad-Hoc|x64 = Ad-Hoc|x64
		Ad-Hoc|x86 = Ad-Hoc|x86
		AppStore|Any CPU = AppStore|Any CPU
		AppStore|ARM = AppStore|ARM
		AppStore|iPhone = AppStore|iPhone
		AppStore|iPhoneSimulator = AppStore|iPhoneSimulator
		AppStore|x64 = AppStore|x64
		AppStore|x86 = AppStore|x86
		Debug|Any CPU = Debug|Any CPU
		Debug|ARM = Debug|ARM
		Debug|iPhone = Debug|iPhone
		Debug|iPhoneSimulator = Debug|iPhoneSimulator
		Debug|x64 = Debug|x64
		Debug|x86 = Debug|x86
		Release|Any CPU = Release|Any CPU
		Release|ARM = Release|ARM
		Release|iPhone = Release|iPhone
		Release|iPhoneSimulator = Release|iPhoneSimulator
		Release|x64 = Release|x64
		Release|x86 = Release|x86
	EndGlobalSection
	GlobalSection(ProjectConfigurationPlatforms) = postSolution
		{E2D17450-3E25-479D-A72C-B0D9A7312E20}.Ad-Hoc|Any CPU.ActiveCfg = Release|Any CPU
		{E2D17450-3E25-479D-A72C-B0D9A7312E20}.Ad-Hoc|Any CPU.Build.0 = Release|Any CPU
		{E2D17450-3E25-479D-A72C-B0D9A7312E20}.Ad-Hoc|Any CPU.Deploy.0 = Release|Any CPU
		{E2D17450-3E25-479D-A72C-B0D9A7312E20}.Ad-Hoc|ARM.ActiveCfg = Release|Any CPU
		{E2D17450-3E25-479D-A72C-B0D9A7312E20}.Ad-Hoc|ARM.Build.0 = Release|Any CPU
		{E2D17450-3E25-479D-A72C-B0D9A7312E20}.Ad-Hoc|ARM.Deploy.0 = Release|Any CPU
		{E2D17450-3E25-479D-A72C-B0D9A7312E20}.Ad-Hoc|iPhone.ActiveCfg = Release|Any CPU
		{E2D17450-3E25-479D-A72C-B0D9A7312E20}.Ad-Hoc|iPhone.Build.0 = Release|Any CPU
		{E2D17450-3E25-479D-A72C-B0D9A7312E20}.Ad-Hoc|iPhone.Deploy.0 = Release|Any CPU
		{E2D17450-3E25-479D-A72C-B0D9A7312E20}.Ad-Hoc|iPhoneSimulator.ActiveCfg = Release|Any CPU
		{E2D17450-3E25-479D-A72C-B0D9A7312E20}.Ad-Hoc|iPhoneSimulator.Build.0 = Release|Any CPU
		{E2D17450-3E25-479D-A72C-B0D9A7312E20}.Ad-Hoc|iPhoneSimulator.Deploy.0 = Release|Any CPU
		{E2D17450-3E25-479D-A72C-B0D9A7312E20}.Ad-Hoc|x64.ActiveCfg = Release|Any CPU
		{E2D17450-3E25-479D-A72C-B0D9A7312E20}.Ad-Hoc|x64.Build.0 = Release|Any CPU
		{E2D17450-3E25-479D-A72C-B0D9A7312E20}.Ad-Hoc|x64.Deploy.0 = Release|Any CPU
		{E2D17450-3E25-479D-A72C-B0D9A7312E20}.Ad-Hoc|x86.ActiveCfg = Release|Any CPU
		{E2D17450-3E25-479D-A72C-B0D9A7312E20}.Ad-Hoc|x86.Build.0 = Release|Any CPU
		{E2D17450-3E25-479D-A72C-B0D9A7312E20}.Ad-Hoc|x86.Deploy.0 = Release|Any CPU
		{E2D17450-3E25-479D-A72C-B0D9A7312E20}.AppStore|Any CPU.ActiveCfg = Release|Any CPU
		{E2D17450-3E25-479D-A72C-B0D9A7312E20}.AppStore|Any CPU.Build.0 = Release|Any CPU
		{E2D17450-3E25-479D-A72C-B0D9A7312E20}.AppStore|Any CPU.Deploy.0 = Release|Any CPU
		{E2D17450-3E25-479D-A72C-B0D9A7312E20}.AppStore|ARM.ActiveCfg = Release|Any CPU
		{E2D17450-3E25-479D-A72C-B0D9A7312E20}.AppStore|ARM.Build.0 = Release|Any CPU
		{E2D17450-3E25-479D-A72C-B0D9A7312E20}.AppStore|ARM.Deploy.0 = Release|Any CPU
		{E2D17450-3E25-479D-A72C-B0D9A7312E20}.AppStore|iPhone.ActiveCfg = Release|Any CPU
		{E2D17450-3E25-479D-A72C-B0D9A7312E20}.AppStore|iPhone.Build.0 = Release|Any CPU
		{E2D17450-3E25-479D-A72C-B0D9A7312E20}.AppStore|iPhone.Deploy.0 = Release|Any CPU
		{E2D17450-3E25-479D-A72C-B0D9A7312E20}.AppStore|iPhoneSimulator.ActiveCfg = Release|Any CPU
		{E2D17450-3E25-479D-A72C-B0D9A7312E20}.AppStore|iPhoneSimulator.Build.0 = Release|Any CPU
		{E2D17450-3E25-479D-A72C-B0D9A7312E20}.AppStore|iPhoneSimulator.Deploy.0 = Release|Any CPU
		{E2D17450-3E25-479D-A72C-B0D9A7312E20}.AppStore|x64.ActiveCfg = Release|Any CPU
		{E2D17450-3E25-479D-A72C-B0D9A7312E20}.AppStore|x64.Build.0 = Release|Any CPU
		{E2D17450-3E25-479D-A72C-B0D9A7312E20}.AppStore|x64.Deploy.0 = Release|Any CPU
		{E2D17450-3E25-479D-A72C-B0D9A7312E20}.AppStore|x86.ActiveCfg = Release|Any CPU
		{E2D17450-3E25-479D-A72C-B0D9A7312E20}.AppStore|x86.Build.0 = Release|Any CPU
		{E2D17450-3E25-479D-A72C-B0D9A7312E20}.AppStore|x86.Deploy.0 = Release|Any CPU
		{E2D17450-3E25-479D-A72C-B0D9A7312E20}.Debug|Any CPU.ActiveCfg = Debug|Any CPU
		{E2D17450-3E25-479D-A72C-B0D9A7312E20}.Debug|Any CPU.Build.0 = Debug|Any CPU
		{E2D17450-3E25-479D-A72C-B0D9A7312E20}.Debug|Any CPU.Deploy.0 = Debug|Any CPU
		{E2D17450-3E25-479D-A72C-B0D9A7312E20}.Debug|ARM.ActiveCfg = Debug|Any CPU
		{E2D17450-3E25-479D-A72C-B0D9A7312E20}.Debug|ARM.Build.0 = Debug|Any CPU
		{E2D17450-3E25-479D-A72C-B0D9A7312E20}.Debug|ARM.Deploy.0 = Debug|Any CPU
		{E2D17450-3E25-479D-A72C-B0D9A7312E20}.Debug|iPhone.ActiveCfg = Debug|Any CPU
		{E2D17450-3E25-479D-A72C-B0D9A7312E20}.Debug|iPhone.Build.0 = Debug|Any CPU
		{E2D17450-3E25-479D-A72C-B0D9A7312E20}.Debug|iPhone.Deploy.0 = Debug|Any CPU
		{E2D17450-3E25-479D-A72C-B0D9A7312E20}.Debug|iPhoneSimulator.ActiveCfg = Debug|Any CPU
		{E2D17450-3E25-479D-A72C-B0D9A7312E20}.Debug|iPhoneSimulator.Build.0 = Debug|Any CPU
		{E2D17450-3E25-479D-A72C-B0D9A7312E20}.Debug|iPhoneSimulator.Deploy.0 = Debug|Any CPU
		{E2D17450-3E25-479D-A72C-B0D9A7312E20}.Debug|x64.ActiveCfg = Debug|Any CPU
		{E2D17450-3E25-479D-A72C-B0D9A7312E20}.Debug|x64.Build.0 = Debug|Any CPU
		{E2D17450-3E25-479D-A72C-B0D9A7312E20}.Debug|x64.Deploy.0 = Debug|Any CPU
		{E2D17450-3E25-479D-A72C-B0D9A7312E20}.Debug|x86.ActiveCfg = Debug|Any CPU
		{E2D17450-3E25-479D-A72C-B0D9A7312E20}.Debug|x86.Build.0 = Debug|Any CPU
		{E2D17450-3E25-479D-A72C-B0D9A7312E20}.Debug|x86.Deploy.0 = Debug|Any CPU
		{E2D17450-3E25-479D-A72C-B0D9A7312E20}.Release|Any CPU.ActiveCfg = Release|Any CPU
		{E2D17450-3E25-479D-A72C-B0D9A7312E20}.Release|Any CPU.Build.0 = Release|Any CPU
		{E2D17450-3E25-479D-A72C-B0D9A7312E20}.Release|Any CPU.Deploy.0 = Release|Any CPU
		{E2D17450-3E25-479D-A72C-B0D9A7312E20}.Release|ARM.ActiveCfg = Release|Any CPU
		{E2D17450-3E25-479D-A72C-B0D9A7312E20}.Release|ARM.Build.0 = Release|Any CPU
		{E2D17450-3E25-479D-A72C-B0D9A7312E20}.Release|ARM.Deploy.0 = Release|Any CPU
		{E2D17450-3E25-479D-A72C-B0D9A7312E20}.Release|iPhone.ActiveCfg = Release|Any CPU
		{E2D17450-3E25-479D-A72C-B0D9A7312E20}.Release|iPhone.Build.0 = Release|Any CPU
		{E2D17450-3E25-479D-A72C-B0D9A7312E20}.Release|iPhone.Deploy.0 = Release|Any CPU
		{E2D17450-3E25-479D-A72C-B0D9A7312E20}.Release|iPhoneSimulator.ActiveCfg = Release|Any CPU
		{E2D17450-3E25-479D-A72C-B0D9A7312E20}.Release|iPhoneSimulator.Build.0 = Release|Any CPU
		{E2D17450-3E25-479D-A72C-B0D9A7312E20}.Release|iPhoneSimulator.Deploy.0 = Release|Any CPU
		{E2D17450-3E25-479D-A72C-B0D9A7312E20}.Release|x64.ActiveCfg = Release|Any CPU
		{E2D17450-3E25-479D-A72C-B0D9A7312E20}.Release|x64.Build.0 = Release|Any CPU
		{E2D17450-3E25-479D-A72C-B0D9A7312E20}.Release|x64.Deploy.0 = Release|Any CPU
		{E2D17450-3E25-479D-A72C-B0D9A7312E20}.Release|x86.ActiveCfg = Release|Any CPU
		{E2D17450-3E25-479D-A72C-B0D9A7312E20}.Release|x86.Build.0 = Release|Any CPU
		{E2D17450-3E25-479D-A72C-B0D9A7312E20}.Release|x86.Deploy.0 = Release|Any CPU
		{4626B1A9-EB7A-4491-AB5C-0825C38844C6}.Ad-Hoc|Any CPU.ActiveCfg = Ad-Hoc|iPhone
		{4626B1A9-EB7A-4491-AB5C-0825C38844C6}.Ad-Hoc|ARM.ActiveCfg = Ad-Hoc|iPhone
		{4626B1A9-EB7A-4491-AB5C-0825C38844C6}.Ad-Hoc|iPhone.ActiveCfg = Ad-Hoc|iPhone
		{4626B1A9-EB7A-4491-AB5C-0825C38844C6}.Ad-Hoc|iPhone.Build.0 = Ad-Hoc|iPhone
		{4626B1A9-EB7A-4491-AB5C-0825C38844C6}.Ad-Hoc|iPhoneSimulator.ActiveCfg = Ad-Hoc|iPhoneSimulator
		{4626B1A9-EB7A-4491-AB5C-0825C38844C6}.Ad-Hoc|iPhoneSimulator.Build.0 = Ad-Hoc|iPhoneSimulator
		{4626B1A9-EB7A-4491-AB5C-0825C38844C6}.Ad-Hoc|x64.ActiveCfg = Ad-Hoc|iPhone
		{4626B1A9-EB7A-4491-AB5C-0825C38844C6}.Ad-Hoc|x86.ActiveCfg = Ad-Hoc|iPhone
		{4626B1A9-EB7A-4491-AB5C-0825C38844C6}.AppStore|Any CPU.ActiveCfg = AppStore|iPhone
		{4626B1A9-EB7A-4491-AB5C-0825C38844C6}.AppStore|ARM.ActiveCfg = AppStore|iPhone
		{4626B1A9-EB7A-4491-AB5C-0825C38844C6}.AppStore|iPhone.ActiveCfg = AppStore|iPhone
		{4626B1A9-EB7A-4491-AB5C-0825C38844C6}.AppStore|iPhone.Build.0 = AppStore|iPhone
		{4626B1A9-EB7A-4491-AB5C-0825C38844C6}.AppStore|iPhoneSimulator.ActiveCfg = AppStore|iPhoneSimulator
		{4626B1A9-EB7A-4491-AB5C-0825C38844C6}.AppStore|iPhoneSimulator.Build.0 = AppStore|iPhoneSimulator
		{4626B1A9-EB7A-4491-AB5C-0825C38844C6}.AppStore|x64.ActiveCfg = AppStore|iPhone
		{4626B1A9-EB7A-4491-AB5C-0825C38844C6}.AppStore|x86.ActiveCfg = AppStore|iPhone
		{4626B1A9-EB7A-4491-AB5C-0825C38844C6}.Debug|Any CPU.ActiveCfg = Debug|iPhone
		{4626B1A9-EB7A-4491-AB5C-0825C38844C6}.Debug|ARM.ActiveCfg = Debug|iPhone
		{4626B1A9-EB7A-4491-AB5C-0825C38844C6}.Debug|iPhone.ActiveCfg = Debug|iPhone
		{4626B1A9-EB7A-4491-AB5C-0825C38844C6}.Debug|iPhone.Build.0 = Debug|iPhone
		{4626B1A9-EB7A-4491-AB5C-0825C38844C6}.Debug|iPhoneSimulator.ActiveCfg = Debug|iPhoneSimulator
		{4626B1A9-EB7A-4491-AB5C-0825C38844C6}.Debug|iPhoneSimulator.Build.0 = Debug|iPhoneSimulator
		{4626B1A9-EB7A-4491-AB5C-0825C38844C6}.Debug|x64.ActiveCfg = Debug|iPhone
		{4626B1A9-EB7A-4491-AB5C-0825C38844C6}.Debug|x86.ActiveCfg = Debug|iPhone
		{4626B1A9-EB7A-4491-AB5C-0825C38844C6}.Release|Any CPU.ActiveCfg = Release|iPhone
		{4626B1A9-EB7A-4491-AB5C-0825C38844C6}.Release|ARM.ActiveCfg = Release|iPhone
		{4626B1A9-EB7A-4491-AB5C-0825C38844C6}.Release|iPhone.ActiveCfg = Release|iPhone
		{4626B1A9-EB7A-4491-AB5C-0825C38844C6}.Release|iPhone.Build.0 = Release|iPhone
		{4626B1A9-EB7A-4491-AB5C-0825C38844C6}.Release|iPhoneSimulator.ActiveCfg = Release|iPhoneSimulator
		{4626B1A9-EB7A-4491-AB5C-0825C38844C6}.Release|iPhoneSimulator.Build.0 = Release|iPhoneSimulator
		{4626B1A9-EB7A-4491-AB5C-0825C38844C6}.Release|x64.ActiveCfg = Release|iPhone
		{4626B1A9-EB7A-4491-AB5C-0825C38844C6}.Release|x86.ActiveCfg = Release|iPhone
		{8C210014-618A-4E06-82A9-89C02955EE53}.Ad-Hoc|Any CPU.ActiveCfg = Release|Any CPU
		{8C210014-618A-4E06-82A9-89C02955EE53}.Ad-Hoc|Any CPU.Build.0 = Release|Any CPU
		{8C210014-618A-4E06-82A9-89C02955EE53}.Ad-Hoc|Any CPU.Deploy.0 = Release|Any CPU
		{8C210014-618A-4E06-82A9-89C02955EE53}.Ad-Hoc|ARM.ActiveCfg = Release|ARM
		{8C210014-618A-4E06-82A9-89C02955EE53}.Ad-Hoc|ARM.Build.0 = Release|ARM
		{8C210014-618A-4E06-82A9-89C02955EE53}.Ad-Hoc|ARM.Deploy.0 = Release|ARM
		{8C210014-618A-4E06-82A9-89C02955EE53}.Ad-Hoc|iPhone.ActiveCfg = Release|Any CPU
		{8C210014-618A-4E06-82A9-89C02955EE53}.Ad-Hoc|iPhone.Build.0 = Release|Any CPU
		{8C210014-618A-4E06-82A9-89C02955EE53}.Ad-Hoc|iPhone.Deploy.0 = Release|Any CPU
		{8C210014-618A-4E06-82A9-89C02955EE53}.Ad-Hoc|iPhoneSimulator.ActiveCfg = Release|Any CPU
		{8C210014-618A-4E06-82A9-89C02955EE53}.Ad-Hoc|iPhoneSimulator.Build.0 = Release|Any CPU
		{8C210014-618A-4E06-82A9-89C02955EE53}.Ad-Hoc|iPhoneSimulator.Deploy.0 = Release|Any CPU
		{8C210014-618A-4E06-82A9-89C02955EE53}.Ad-Hoc|x64.ActiveCfg = Release|Any CPU
		{8C210014-618A-4E06-82A9-89C02955EE53}.Ad-Hoc|x64.Build.0 = Release|Any CPU
		{8C210014-618A-4E06-82A9-89C02955EE53}.Ad-Hoc|x64.Deploy.0 = Release|Any CPU
		{8C210014-618A-4E06-82A9-89C02955EE53}.Ad-Hoc|x86.ActiveCfg = Release|x86
		{8C210014-618A-4E06-82A9-89C02955EE53}.Ad-Hoc|x86.Build.0 = Release|x86
		{8C210014-618A-4E06-82A9-89C02955EE53}.Ad-Hoc|x86.Deploy.0 = Release|x86
		{8C210014-618A-4E06-82A9-89C02955EE53}.AppStore|Any CPU.ActiveCfg = Release|Any CPU
		{8C210014-618A-4E06-82A9-89C02955EE53}.AppStore|Any CPU.Build.0 = Release|Any CPU
		{8C210014-618A-4E06-82A9-89C02955EE53}.AppStore|Any CPU.Deploy.0 = Release|Any CPU
		{8C210014-618A-4E06-82A9-89C02955EE53}.AppStore|ARM.ActiveCfg = Release|ARM
		{8C210014-618A-4E06-82A9-89C02955EE53}.AppStore|ARM.Build.0 = Release|ARM
		{8C210014-618A-4E06-82A9-89C02955EE53}.AppStore|ARM.Deploy.0 = Release|ARM
		{8C210014-618A-4E06-82A9-89C02955EE53}.AppStore|iPhone.ActiveCfg = Release|Any CPU
		{8C210014-618A-4E06-82A9-89C02955EE53}.AppStore|iPhone.Build.0 = Release|Any CPU
		{8C210014-618A-4E06-82A9-89C02955EE53}.AppStore|iPhone.Deploy.0 = Release|Any CPU
		{8C210014-618A-4E06-82A9-89C02955EE53}.AppStore|iPhoneSimulator.ActiveCfg = Release|Any CPU
		{8C210014-618A-4E06-82A9-89C02955EE53}.AppStore|iPhoneSimulator.Build.0 = Release|Any CPU
		{8C210014-618A-4E06-82A9-89C02955EE53}.AppStore|iPhoneSimulator.Deploy.0 = Release|Any CPU
		{8C210014-618A-4E06-82A9-89C02955EE53}.AppStore|x64.ActiveCfg = Release|Any CPU
		{8C210014-618A-4E06-82A9-89C02955EE53}.AppStore|x64.Build.0 = Release|Any CPU
		{8C210014-618A-4E06-82A9-89C02955EE53}.AppStore|x64.Deploy.0 = Release|Any CPU
		{8C210014-618A-4E06-82A9-89C02955EE53}.AppStore|x86.ActiveCfg = Release|x86
		{8C210014-618A-4E06-82A9-89C02955EE53}.AppStore|x86.Build.0 = Release|x86
		{8C210014-618A-4E06-82A9-89C02955EE53}.AppStore|x86.Deploy.0 = Release|x86
		{8C210014-618A-4E06-82A9-89C02955EE53}.Debug|Any CPU.ActiveCfg = Debug|Any CPU
		{8C210014-618A-4E06-82A9-89C02955EE53}.Debug|Any CPU.Build.0 = Debug|Any CPU
		{8C210014-618A-4E06-82A9-89C02955EE53}.Debug|Any CPU.Deploy.0 = Debug|Any CPU
		{8C210014-618A-4E06-82A9-89C02955EE53}.Debug|ARM.ActiveCfg = Debug|ARM
		{8C210014-618A-4E06-82A9-89C02955EE53}.Debug|ARM.Build.0 = Debug|ARM
		{8C210014-618A-4E06-82A9-89C02955EE53}.Debug|ARM.Deploy.0 = Debug|ARM
		{8C210014-618A-4E06-82A9-89C02955EE53}.Debug|iPhone.ActiveCfg = Debug|Any CPU
		{8C210014-618A-4E06-82A9-89C02955EE53}.Debug|iPhone.Build.0 = Debug|Any CPU
		{8C210014-618A-4E06-82A9-89C02955EE53}.Debug|iPhone.Deploy.0 = Debug|Any CPU
		{8C210014-618A-4E06-82A9-89C02955EE53}.Debug|iPhoneSimulator.ActiveCfg = Debug|Any CPU
		{8C210014-618A-4E06-82A9-89C02955EE53}.Debug|iPhoneSimulator.Build.0 = Debug|Any CPU
		{8C210014-618A-4E06-82A9-89C02955EE53}.Debug|iPhoneSimulator.Deploy.0 = Debug|Any CPU
		{8C210014-618A-4E06-82A9-89C02955EE53}.Debug|x64.ActiveCfg = Debug|Any CPU
		{8C210014-618A-4E06-82A9-89C02955EE53}.Debug|x64.Build.0 = Debug|Any CPU
		{8C210014-618A-4E06-82A9-89C02955EE53}.Debug|x64.Deploy.0 = Debug|Any CPU
		{8C210014-618A-4E06-82A9-89C02955EE53}.Debug|x86.ActiveCfg = Debug|x86
		{8C210014-618A-4E06-82A9-89C02955EE53}.Debug|x86.Build.0 = Debug|x86
		{8C210014-618A-4E06-82A9-89C02955EE53}.Debug|x86.Deploy.0 = Debug|x86
		{8C210014-618A-4E06-82A9-89C02955EE53}.Release|Any CPU.ActiveCfg = Release|Any CPU
		{8C210014-618A-4E06-82A9-89C02955EE53}.Release|Any CPU.Build.0 = Release|Any CPU
		{8C210014-618A-4E06-82A9-89C02955EE53}.Release|Any CPU.Deploy.0 = Release|Any CPU
		{8C210014-618A-4E06-82A9-89C02955EE53}.Release|ARM.ActiveCfg = Release|ARM
		{8C210014-618A-4E06-82A9-89C02955EE53}.Release|ARM.Build.0 = Release|ARM
		{8C210014-618A-4E06-82A9-89C02955EE53}.Release|ARM.Deploy.0 = Release|ARM
		{8C210014-618A-4E06-82A9-89C02955EE53}.Release|iPhone.ActiveCfg = Release|Any CPU
		{8C210014-618A-4E06-82A9-89C02955EE53}.Release|iPhone.Build.0 = Release|Any CPU
		{8C210014-618A-4E06-82A9-89C02955EE53}.Release|iPhone.Deploy.0 = Release|Any CPU
		{8C210014-618A-4E06-82A9-89C02955EE53}.Release|iPhoneSimulator.ActiveCfg = Release|Any CPU
		{8C210014-618A-4E06-82A9-89C02955EE53}.Release|iPhoneSimulator.Build.0 = Release|Any CPU
		{8C210014-618A-4E06-82A9-89C02955EE53}.Release|iPhoneSimulator.Deploy.0 = Release|Any CPU
		{8C210014-618A-4E06-82A9-89C02955EE53}.Release|x64.ActiveCfg = Release|Any CPU
		{8C210014-618A-4E06-82A9-89C02955EE53}.Release|x64.Build.0 = Release|Any CPU
		{8C210014-618A-4E06-82A9-89C02955EE53}.Release|x64.Deploy.0 = Release|Any CPU
		{8C210014-618A-4E06-82A9-89C02955EE53}.Release|x86.ActiveCfg = Release|x86
		{8C210014-618A-4E06-82A9-89C02955EE53}.Release|x86.Build.0 = Release|x86
		{8C210014-618A-4E06-82A9-89C02955EE53}.Release|x86.Deploy.0 = Release|x86
		{761AD49D-7DE4-4F4D-A71D-4CBC9F5EE8EF}.Ad-Hoc|Any CPU.ActiveCfg = Release|x86
		{761AD49D-7DE4-4F4D-A71D-4CBC9F5EE8EF}.Ad-Hoc|Any CPU.Build.0 = Release|x86
		{761AD49D-7DE4-4F4D-A71D-4CBC9F5EE8EF}.Ad-Hoc|Any CPU.Deploy.0 = Release|x86
		{761AD49D-7DE4-4F4D-A71D-4CBC9F5EE8EF}.Ad-Hoc|ARM.ActiveCfg = Release|ARM
		{761AD49D-7DE4-4F4D-A71D-4CBC9F5EE8EF}.Ad-Hoc|ARM.Build.0 = Release|ARM
		{761AD49D-7DE4-4F4D-A71D-4CBC9F5EE8EF}.Ad-Hoc|ARM.Deploy.0 = Release|ARM
		{761AD49D-7DE4-4F4D-A71D-4CBC9F5EE8EF}.Ad-Hoc|iPhone.ActiveCfg = Release|x86
		{761AD49D-7DE4-4F4D-A71D-4CBC9F5EE8EF}.Ad-Hoc|iPhone.Build.0 = Release|x86
		{761AD49D-7DE4-4F4D-A71D-4CBC9F5EE8EF}.Ad-Hoc|iPhone.Deploy.0 = Release|x86
		{761AD49D-7DE4-4F4D-A71D-4CBC9F5EE8EF}.Ad-Hoc|iPhoneSimulator.ActiveCfg = Release|x86
		{761AD49D-7DE4-4F4D-A71D-4CBC9F5EE8EF}.Ad-Hoc|iPhoneSimulator.Build.0 = Release|x86
		{761AD49D-7DE4-4F4D-A71D-4CBC9F5EE8EF}.Ad-Hoc|iPhoneSimulator.Deploy.0 = Release|x86
		{761AD49D-7DE4-4F4D-A71D-4CBC9F5EE8EF}.Ad-Hoc|x64.ActiveCfg = Release|x64
		{761AD49D-7DE4-4F4D-A71D-4CBC9F5EE8EF}.Ad-Hoc|x64.Build.0 = Release|x64
		{761AD49D-7DE4-4F4D-A71D-4CBC9F5EE8EF}.Ad-Hoc|x64.Deploy.0 = Release|x64
		{761AD49D-7DE4-4F4D-A71D-4CBC9F5EE8EF}.Ad-Hoc|x86.ActiveCfg = Release|x86
		{761AD49D-7DE4-4F4D-A71D-4CBC9F5EE8EF}.Ad-Hoc|x86.Build.0 = Release|x86
		{761AD49D-7DE4-4F4D-A71D-4CBC9F5EE8EF}.Ad-Hoc|x86.Deploy.0 = Release|x86
		{761AD49D-7DE4-4F4D-A71D-4CBC9F5EE8EF}.AppStore|Any CPU.ActiveCfg = Release|x86
		{761AD49D-7DE4-4F4D-A71D-4CBC9F5EE8EF}.AppStore|Any CPU.Build.0 = Release|x86
		{761AD49D-7DE4-4F4D-A71D-4CBC9F5EE8EF}.AppStore|Any CPU.Deploy.0 = Release|x86
		{761AD49D-7DE4-4F4D-A71D-4CBC9F5EE8EF}.AppStore|ARM.ActiveCfg = Release|ARM
		{761AD49D-7DE4-4F4D-A71D-4CBC9F5EE8EF}.AppStore|ARM.Build.0 = Release|ARM
		{761AD49D-7DE4-4F4D-A71D-4CBC9F5EE8EF}.AppStore|ARM.Deploy.0 = Release|ARM
		{761AD49D-7DE4-4F4D-A71D-4CBC9F5EE8EF}.AppStore|iPhone.ActiveCfg = Release|x86
		{761AD49D-7DE4-4F4D-A71D-4CBC9F5EE8EF}.AppStore|iPhone.Build.0 = Release|x86
		{761AD49D-7DE4-4F4D-A71D-4CBC9F5EE8EF}.AppStore|iPhone.Deploy.0 = Release|x86
		{761AD49D-7DE4-4F4D-A71D-4CBC9F5EE8EF}.AppStore|iPhoneSimulator.ActiveCfg = Release|x86
		{761AD49D-7DE4-4F4D-A71D-4CBC9F5EE8EF}.AppStore|iPhoneSimulator.Build.0 = Release|x86
		{761AD49D-7DE4-4F4D-A71D-4CBC9F5EE8EF}.AppStore|iPhoneSimulator.Deploy.0 = Release|x86
		{761AD49D-7DE4-4F4D-A71D-4CBC9F5EE8EF}.AppStore|x64.ActiveCfg = Release|x64
		{761AD49D-7DE4-4F4D-A71D-4CBC9F5EE8EF}.AppStore|x64.Build.0 = Release|x64
		{761AD49D-7DE4-4F4D-A71D-4CBC9F5EE8EF}.AppStore|x64.Deploy.0 = Release|x64
		{761AD49D-7DE4-4F4D-A71D-4CBC9F5EE8EF}.AppStore|x86.ActiveCfg = Release|x86
		{761AD49D-7DE4-4F4D-A71D-4CBC9F5EE8EF}.AppStore|x86.Build.0 = Release|x86
		{761AD49D-7DE4-4F4D-A71D-4CBC9F5EE8EF}.AppStore|x86.Deploy.0 = Release|x86
		{761AD49D-7DE4-4F4D-A71D-4CBC9F5EE8EF}.Debug|Any CPU.ActiveCfg = Debug|x86
		{761AD49D-7DE4-4F4D-A71D-4CBC9F5EE8EF}.Debug|ARM.ActiveCfg = Debug|ARM
		{761AD49D-7DE4-4F4D-A71D-4CBC9F5EE8EF}.Debug|ARM.Build.0 = Debug|ARM
		{761AD49D-7DE4-4F4D-A71D-4CBC9F5EE8EF}.Debug|ARM.Deploy.0 = Debug|ARM
		{761AD49D-7DE4-4F4D-A71D-4CBC9F5EE8EF}.Debug|iPhone.ActiveCfg = Debug|x86
		{761AD49D-7DE4-4F4D-A71D-4CBC9F5EE8EF}.Debug|iPhoneSimulator.ActiveCfg = Debug|x86
		{761AD49D-7DE4-4F4D-A71D-4CBC9F5EE8EF}.Debug|x64.ActiveCfg = Debug|x64
		{761AD49D-7DE4-4F4D-A71D-4CBC9F5EE8EF}.Debug|x64.Build.0 = Debug|x64
		{761AD49D-7DE4-4F4D-A71D-4CBC9F5EE8EF}.Debug|x64.Deploy.0 = Debug|x64
		{761AD49D-7DE4-4F4D-A71D-4CBC9F5EE8EF}.Debug|x86.ActiveCfg = Debug|x86
		{761AD49D-7DE4-4F4D-A71D-4CBC9F5EE8EF}.Debug|x86.Build.0 = Debug|x86
		{761AD49D-7DE4-4F4D-A71D-4CBC9F5EE8EF}.Debug|x86.Deploy.0 = Debug|x86
		{761AD49D-7DE4-4F4D-A71D-4CBC9F5EE8EF}.Release|Any CPU.ActiveCfg = Release|x86
		{761AD49D-7DE4-4F4D-A71D-4CBC9F5EE8EF}.Release|ARM.ActiveCfg = Release|ARM
		{761AD49D-7DE4-4F4D-A71D-4CBC9F5EE8EF}.Release|ARM.Build.0 = Release|ARM
		{761AD49D-7DE4-4F4D-A71D-4CBC9F5EE8EF}.Release|ARM.Deploy.0 = Release|ARM
		{761AD49D-7DE4-4F4D-A71D-4CBC9F5EE8EF}.Release|iPhone.ActiveCfg = Release|x86
		{761AD49D-7DE4-4F4D-A71D-4CBC9F5EE8EF}.Release|iPhoneSimulator.ActiveCfg = Release|x86
		{761AD49D-7DE4-4F4D-A71D-4CBC9F5EE8EF}.Release|x64.ActiveCfg = Release|x64
		{761AD49D-7DE4-4F4D-A71D-4CBC9F5EE8EF}.Release|x64.Build.0 = Release|x64
		{761AD49D-7DE4-4F4D-A71D-4CBC9F5EE8EF}.Release|x64.Deploy.0 = Release|x64
		{761AD49D-7DE4-4F4D-A71D-4CBC9F5EE8EF}.Release|x86.ActiveCfg = Release|x86
		{761AD49D-7DE4-4F4D-A71D-4CBC9F5EE8EF}.Release|x86.Build.0 = Release|x86
		{761AD49D-7DE4-4F4D-A71D-4CBC9F5EE8EF}.Release|x86.Deploy.0 = Release|x86
		{922BA50E-5DED-4D61-AAF0-43BE479088DC}.Ad-Hoc|Any CPU.ActiveCfg = Release|Any CPU
		{922BA50E-5DED-4D61-AAF0-43BE479088DC}.Ad-Hoc|Any CPU.Build.0 = Release|Any CPU
		{922BA50E-5DED-4D61-AAF0-43BE479088DC}.Ad-Hoc|Any CPU.Deploy.0 = Release|Any CPU
		{922BA50E-5DED-4D61-AAF0-43BE479088DC}.Ad-Hoc|ARM.ActiveCfg = Release|ARM
		{922BA50E-5DED-4D61-AAF0-43BE479088DC}.Ad-Hoc|ARM.Build.0 = Release|ARM
		{922BA50E-5DED-4D61-AAF0-43BE479088DC}.Ad-Hoc|ARM.Deploy.0 = Release|ARM
		{922BA50E-5DED-4D61-AAF0-43BE479088DC}.Ad-Hoc|iPhone.ActiveCfg = Release|Any CPU
		{922BA50E-5DED-4D61-AAF0-43BE479088DC}.Ad-Hoc|iPhone.Build.0 = Release|Any CPU
		{922BA50E-5DED-4D61-AAF0-43BE479088DC}.Ad-Hoc|iPhone.Deploy.0 = Release|Any CPU
		{922BA50E-5DED-4D61-AAF0-43BE479088DC}.Ad-Hoc|iPhoneSimulator.ActiveCfg = Release|Any CPU
		{922BA50E-5DED-4D61-AAF0-43BE479088DC}.Ad-Hoc|iPhoneSimulator.Build.0 = Release|Any CPU
		{922BA50E-5DED-4D61-AAF0-43BE479088DC}.Ad-Hoc|iPhoneSimulator.Deploy.0 = Release|Any CPU
		{922BA50E-5DED-4D61-AAF0-43BE479088DC}.Ad-Hoc|x64.ActiveCfg = Release|x64
		{922BA50E-5DED-4D61-AAF0-43BE479088DC}.Ad-Hoc|x64.Build.0 = Release|x64
		{922BA50E-5DED-4D61-AAF0-43BE479088DC}.Ad-Hoc|x64.Deploy.0 = Release|x64
		{922BA50E-5DED-4D61-AAF0-43BE479088DC}.Ad-Hoc|x86.ActiveCfg = Release|x86
		{922BA50E-5DED-4D61-AAF0-43BE479088DC}.Ad-Hoc|x86.Build.0 = Release|x86
		{922BA50E-5DED-4D61-AAF0-43BE479088DC}.Ad-Hoc|x86.Deploy.0 = Release|x86
		{922BA50E-5DED-4D61-AAF0-43BE479088DC}.AppStore|Any CPU.ActiveCfg = Release|Any CPU
		{922BA50E-5DED-4D61-AAF0-43BE479088DC}.AppStore|Any CPU.Build.0 = Release|Any CPU
		{922BA50E-5DED-4D61-AAF0-43BE479088DC}.AppStore|Any CPU.Deploy.0 = Release|Any CPU
		{922BA50E-5DED-4D61-AAF0-43BE479088DC}.AppStore|ARM.ActiveCfg = Release|ARM
		{922BA50E-5DED-4D61-AAF0-43BE479088DC}.AppStore|ARM.Build.0 = Release|ARM
		{922BA50E-5DED-4D61-AAF0-43BE479088DC}.AppStore|ARM.Deploy.0 = Release|ARM
		{922BA50E-5DED-4D61-AAF0-43BE479088DC}.AppStore|iPhone.ActiveCfg = Release|Any CPU
		{922BA50E-5DED-4D61-AAF0-43BE479088DC}.AppStore|iPhone.Build.0 = Release|Any CPU
		{922BA50E-5DED-4D61-AAF0-43BE479088DC}.AppStore|iPhone.Deploy.0 = Release|Any CPU
		{922BA50E-5DED-4D61-AAF0-43BE479088DC}.AppStore|iPhoneSimulator.ActiveCfg = Release|Any CPU
		{922BA50E-5DED-4D61-AAF0-43BE479088DC}.AppStore|iPhoneSimulator.Build.0 = Release|Any CPU
		{922BA50E-5DED-4D61-AAF0-43BE479088DC}.AppStore|iPhoneSimulator.Deploy.0 = Release|Any CPU
		{922BA50E-5DED-4D61-AAF0-43BE479088DC}.AppStore|x64.ActiveCfg = Release|x64
		{922BA50E-5DED-4D61-AAF0-43BE479088DC}.AppStore|x64.Build.0 = Release|x64
		{922BA50E-5DED-4D61-AAF0-43BE479088DC}.AppStore|x64.Deploy.0 = Release|x64
		{922BA50E-5DED-4D61-AAF0-43BE479088DC}.AppStore|x86.ActiveCfg = Release|x86
		{922BA50E-5DED-4D61-AAF0-43BE479088DC}.AppStore|x86.Build.0 = Release|x86
		{922BA50E-5DED-4D61-AAF0-43BE479088DC}.AppStore|x86.Deploy.0 = Release|x86
		{922BA50E-5DED-4D61-AAF0-43BE479088DC}.Debug|Any CPU.ActiveCfg = Debug|Any CPU
		{922BA50E-5DED-4D61-AAF0-43BE479088DC}.Debug|Any CPU.Build.0 = Debug|Any CPU
		{922BA50E-5DED-4D61-AAF0-43BE479088DC}.Debug|Any CPU.Deploy.0 = Debug|Any CPU
		{922BA50E-5DED-4D61-AAF0-43BE479088DC}.Debug|ARM.ActiveCfg = Debug|ARM
		{922BA50E-5DED-4D61-AAF0-43BE479088DC}.Debug|ARM.Build.0 = Debug|ARM
		{922BA50E-5DED-4D61-AAF0-43BE479088DC}.Debug|ARM.Deploy.0 = Debug|ARM
		{922BA50E-5DED-4D61-AAF0-43BE479088DC}.Debug|iPhone.ActiveCfg = Debug|Any CPU
		{922BA50E-5DED-4D61-AAF0-43BE479088DC}.Debug|iPhone.Build.0 = Debug|Any CPU
		{922BA50E-5DED-4D61-AAF0-43BE479088DC}.Debug|iPhone.Deploy.0 = Debug|Any CPU
		{922BA50E-5DED-4D61-AAF0-43BE479088DC}.Debug|iPhoneSimulator.ActiveCfg = Debug|Any CPU
		{922BA50E-5DED-4D61-AAF0-43BE479088DC}.Debug|iPhoneSimulator.Build.0 = Debug|Any CPU
		{922BA50E-5DED-4D61-AAF0-43BE479088DC}.Debug|iPhoneSimulator.Deploy.0 = Debug|Any CPU
		{922BA50E-5DED-4D61-AAF0-43BE479088DC}.Debug|x64.ActiveCfg = Debug|x64
		{922BA50E-5DED-4D61-AAF0-43BE479088DC}.Debug|x64.Build.0 = Debug|x64
		{922BA50E-5DED-4D61-AAF0-43BE479088DC}.Debug|x64.Deploy.0 = Debug|x64
		{922BA50E-5DED-4D61-AAF0-43BE479088DC}.Debug|x86.ActiveCfg = Debug|x86
		{922BA50E-5DED-4D61-AAF0-43BE479088DC}.Debug|x86.Build.0 = Debug|x86
		{922BA50E-5DED-4D61-AAF0-43BE479088DC}.Debug|x86.Deploy.0 = Debug|x86
		{922BA50E-5DED-4D61-AAF0-43BE479088DC}.Release|Any CPU.ActiveCfg = Release|Any CPU
		{922BA50E-5DED-4D61-AAF0-43BE479088DC}.Release|Any CPU.Build.0 = Release|Any CPU
		{922BA50E-5DED-4D61-AAF0-43BE479088DC}.Release|Any CPU.Deploy.0 = Release|Any CPU
		{922BA50E-5DED-4D61-AAF0-43BE479088DC}.Release|ARM.ActiveCfg = Release|ARM
		{922BA50E-5DED-4D61-AAF0-43BE479088DC}.Release|ARM.Build.0 = Release|ARM
		{922BA50E-5DED-4D61-AAF0-43BE479088DC}.Release|ARM.Deploy.0 = Release|ARM
		{922BA50E-5DED-4D61-AAF0-43BE479088DC}.Release|iPhone.ActiveCfg = Release|Any CPU
		{922BA50E-5DED-4D61-AAF0-43BE479088DC}.Release|iPhone.Build.0 = Release|Any CPU
		{922BA50E-5DED-4D61-AAF0-43BE479088DC}.Release|iPhone.Deploy.0 = Release|Any CPU
		{922BA50E-5DED-4D61-AAF0-43BE479088DC}.Release|iPhoneSimulator.ActiveCfg = Release|Any CPU
		{922BA50E-5DED-4D61-AAF0-43BE479088DC}.Release|iPhoneSimulator.Build.0 = Release|Any CPU
		{922BA50E-5DED-4D61-AAF0-43BE479088DC}.Release|iPhoneSimulator.Deploy.0 = Release|Any CPU
		{922BA50E-5DED-4D61-AAF0-43BE479088DC}.Release|x64.ActiveCfg = Release|x64
		{922BA50E-5DED-4D61-AAF0-43BE479088DC}.Release|x64.Build.0 = Release|x64
		{922BA50E-5DED-4D61-AAF0-43BE479088DC}.Release|x64.Deploy.0 = Release|x64
		{922BA50E-5DED-4D61-AAF0-43BE479088DC}.Release|x86.ActiveCfg = Release|x86
		{922BA50E-5DED-4D61-AAF0-43BE479088DC}.Release|x86.Build.0 = Release|x86
		{922BA50E-5DED-4D61-AAF0-43BE479088DC}.Release|x86.Deploy.0 = Release|x86
		{69D36604-9689-457F-AD6A-0E1C194C6FB2}.Ad-Hoc|Any CPU.ActiveCfg = Release|Any CPU
		{69D36604-9689-457F-AD6A-0E1C194C6FB2}.Ad-Hoc|Any CPU.Build.0 = Release|Any CPU
		{69D36604-9689-457F-AD6A-0E1C194C6FB2}.Ad-Hoc|ARM.ActiveCfg = Release|Any CPU
		{69D36604-9689-457F-AD6A-0E1C194C6FB2}.Ad-Hoc|ARM.Build.0 = Release|Any CPU
		{69D36604-9689-457F-AD6A-0E1C194C6FB2}.Ad-Hoc|iPhone.ActiveCfg = Release|Any CPU
		{69D36604-9689-457F-AD6A-0E1C194C6FB2}.Ad-Hoc|iPhone.Build.0 = Release|Any CPU
		{69D36604-9689-457F-AD6A-0E1C194C6FB2}.Ad-Hoc|iPhoneSimulator.ActiveCfg = Release|Any CPU
		{69D36604-9689-457F-AD6A-0E1C194C6FB2}.Ad-Hoc|iPhoneSimulator.Build.0 = Release|Any CPU
		{69D36604-9689-457F-AD6A-0E1C194C6FB2}.Ad-Hoc|x64.ActiveCfg = Release|Any CPU
		{69D36604-9689-457F-AD6A-0E1C194C6FB2}.Ad-Hoc|x64.Build.0 = Release|Any CPU
		{69D36604-9689-457F-AD6A-0E1C194C6FB2}.Ad-Hoc|x86.ActiveCfg = Release|Any CPU
		{69D36604-9689-457F-AD6A-0E1C194C6FB2}.Ad-Hoc|x86.Build.0 = Release|Any CPU
		{69D36604-9689-457F-AD6A-0E1C194C6FB2}.AppStore|Any CPU.ActiveCfg = Release|Any CPU
		{69D36604-9689-457F-AD6A-0E1C194C6FB2}.AppStore|Any CPU.Build.0 = Release|Any CPU
		{69D36604-9689-457F-AD6A-0E1C194C6FB2}.AppStore|ARM.ActiveCfg = Release|Any CPU
		{69D36604-9689-457F-AD6A-0E1C194C6FB2}.AppStore|ARM.Build.0 = Release|Any CPU
		{69D36604-9689-457F-AD6A-0E1C194C6FB2}.AppStore|iPhone.ActiveCfg = Release|Any CPU
		{69D36604-9689-457F-AD6A-0E1C194C6FB2}.AppStore|iPhone.Build.0 = Release|Any CPU
		{69D36604-9689-457F-AD6A-0E1C194C6FB2}.AppStore|iPhoneSimulator.ActiveCfg = Release|Any CPU
		{69D36604-9689-457F-AD6A-0E1C194C6FB2}.AppStore|iPhoneSimulator.Build.0 = Release|Any CPU
		{69D36604-9689-457F-AD6A-0E1C194C6FB2}.AppStore|x64.ActiveCfg = Release|Any CPU
		{69D36604-9689-457F-AD6A-0E1C194C6FB2}.AppStore|x64.Build.0 = Release|Any CPU
		{69D36604-9689-457F-AD6A-0E1C194C6FB2}.AppStore|x86.ActiveCfg = Release|Any CPU
		{69D36604-9689-457F-AD6A-0E1C194C6FB2}.AppStore|x86.Build.0 = Release|Any CPU
		{69D36604-9689-457F-AD6A-0E1C194C6FB2}.Debug|Any CPU.ActiveCfg = Debug|Any CPU
		{69D36604-9689-457F-AD6A-0E1C194C6FB2}.Debug|Any CPU.Build.0 = Debug|Any CPU
		{69D36604-9689-457F-AD6A-0E1C194C6FB2}.Debug|ARM.ActiveCfg = Debug|Any CPU
		{69D36604-9689-457F-AD6A-0E1C194C6FB2}.Debug|ARM.Build.0 = Debug|Any CPU
		{69D36604-9689-457F-AD6A-0E1C194C6FB2}.Debug|iPhone.ActiveCfg = Debug|Any CPU
		{69D36604-9689-457F-AD6A-0E1C194C6FB2}.Debug|iPhone.Build.0 = Debug|Any CPU
		{69D36604-9689-457F-AD6A-0E1C194C6FB2}.Debug|iPhoneSimulator.ActiveCfg = Debug|Any CPU
		{69D36604-9689-457F-AD6A-0E1C194C6FB2}.Debug|iPhoneSimulator.Build.0 = Debug|Any CPU
		{69D36604-9689-457F-AD6A-0E1C194C6FB2}.Debug|x64.ActiveCfg = Debug|Any CPU
		{69D36604-9689-457F-AD6A-0E1C194C6FB2}.Debug|x64.Build.0 = Debug|Any CPU
		{69D36604-9689-457F-AD6A-0E1C194C6FB2}.Debug|x86.ActiveCfg = Debug|Any CPU
		{69D36604-9689-457F-AD6A-0E1C194C6FB2}.Debug|x86.Build.0 = Debug|Any CPU
		{69D36604-9689-457F-AD6A-0E1C194C6FB2}.Release|Any CPU.ActiveCfg = Release|Any CPU
		{69D36604-9689-457F-AD6A-0E1C194C6FB2}.Release|Any CPU.Build.0 = Release|Any CPU
		{69D36604-9689-457F-AD6A-0E1C194C6FB2}.Release|ARM.ActiveCfg = Release|Any CPU
		{69D36604-9689-457F-AD6A-0E1C194C6FB2}.Release|ARM.Build.0 = Release|Any CPU
		{69D36604-9689-457F-AD6A-0E1C194C6FB2}.Release|iPhone.ActiveCfg = Release|Any CPU
		{69D36604-9689-457F-AD6A-0E1C194C6FB2}.Release|iPhone.Build.0 = Release|Any CPU
		{69D36604-9689-457F-AD6A-0E1C194C6FB2}.Release|iPhoneSimulator.ActiveCfg = Release|Any CPU
		{69D36604-9689-457F-AD6A-0E1C194C6FB2}.Release|iPhoneSimulator.Build.0 = Release|Any CPU
		{69D36604-9689-457F-AD6A-0E1C194C6FB2}.Release|x64.ActiveCfg = Release|Any CPU
		{69D36604-9689-457F-AD6A-0E1C194C6FB2}.Release|x64.Build.0 = Release|Any CPU
		{69D36604-9689-457F-AD6A-0E1C194C6FB2}.Release|x86.ActiveCfg = Release|Any CPU
		{69D36604-9689-457F-AD6A-0E1C194C6FB2}.Release|x86.Build.0 = Release|Any CPU
		{9BD69D2F-F340-4555-8CAE-85BD3C089722}.Ad-Hoc|Any CPU.ActiveCfg = Release|Any CPU
		{9BD69D2F-F340-4555-8CAE-85BD3C089722}.Ad-Hoc|Any CPU.Build.0 = Release|Any CPU
		{9BD69D2F-F340-4555-8CAE-85BD3C089722}.Ad-Hoc|ARM.ActiveCfg = Release|Any CPU
		{9BD69D2F-F340-4555-8CAE-85BD3C089722}.Ad-Hoc|ARM.Build.0 = Release|Any CPU
		{9BD69D2F-F340-4555-8CAE-85BD3C089722}.Ad-Hoc|iPhone.ActiveCfg = Release|Any CPU
		{9BD69D2F-F340-4555-8CAE-85BD3C089722}.Ad-Hoc|iPhone.Build.0 = Release|Any CPU
		{9BD69D2F-F340-4555-8CAE-85BD3C089722}.Ad-Hoc|iPhoneSimulator.ActiveCfg = Release|Any CPU
		{9BD69D2F-F340-4555-8CAE-85BD3C089722}.Ad-Hoc|iPhoneSimulator.Build.0 = Release|Any CPU
		{9BD69D2F-F340-4555-8CAE-85BD3C089722}.Ad-Hoc|x64.ActiveCfg = Release|Any CPU
		{9BD69D2F-F340-4555-8CAE-85BD3C089722}.Ad-Hoc|x64.Build.0 = Release|Any CPU
		{9BD69D2F-F340-4555-8CAE-85BD3C089722}.Ad-Hoc|x86.ActiveCfg = Release|Any CPU
		{9BD69D2F-F340-4555-8CAE-85BD3C089722}.Ad-Hoc|x86.Build.0 = Release|Any CPU
		{9BD69D2F-F340-4555-8CAE-85BD3C089722}.AppStore|Any CPU.ActiveCfg = Release|Any CPU
		{9BD69D2F-F340-4555-8CAE-85BD3C089722}.AppStore|Any CPU.Build.0 = Release|Any CPU
		{9BD69D2F-F340-4555-8CAE-85BD3C089722}.AppStore|ARM.ActiveCfg = Release|Any CPU
		{9BD69D2F-F340-4555-8CAE-85BD3C089722}.AppStore|ARM.Build.0 = Release|Any CPU
		{9BD69D2F-F340-4555-8CAE-85BD3C089722}.AppStore|iPhone.ActiveCfg = Release|Any CPU
		{9BD69D2F-F340-4555-8CAE-85BD3C089722}.AppStore|iPhone.Build.0 = Release|Any CPU
		{9BD69D2F-F340-4555-8CAE-85BD3C089722}.AppStore|iPhoneSimulator.ActiveCfg = Release|Any CPU
		{9BD69D2F-F340-4555-8CAE-85BD3C089722}.AppStore|iPhoneSimulator.Build.0 = Release|Any CPU
		{9BD69D2F-F340-4555-8CAE-85BD3C089722}.AppStore|x64.ActiveCfg = Release|Any CPU
		{9BD69D2F-F340-4555-8CAE-85BD3C089722}.AppStore|x64.Build.0 = Release|Any CPU
		{9BD69D2F-F340-4555-8CAE-85BD3C089722}.AppStore|x86.ActiveCfg = Release|Any CPU
		{9BD69D2F-F340-4555-8CAE-85BD3C089722}.AppStore|x86.Build.0 = Release|Any CPU
		{9BD69D2F-F340-4555-8CAE-85BD3C089722}.Debug|Any CPU.ActiveCfg = Debug|Any CPU
		{9BD69D2F-F340-4555-8CAE-85BD3C089722}.Debug|Any CPU.Build.0 = Debug|Any CPU
		{9BD69D2F-F340-4555-8CAE-85BD3C089722}.Debug|ARM.ActiveCfg = Debug|Any CPU
		{9BD69D2F-F340-4555-8CAE-85BD3C089722}.Debug|ARM.Build.0 = Debug|Any CPU
		{9BD69D2F-F340-4555-8CAE-85BD3C089722}.Debug|iPhone.ActiveCfg = Debug|Any CPU
		{9BD69D2F-F340-4555-8CAE-85BD3C089722}.Debug|iPhone.Build.0 = Debug|Any CPU
		{9BD69D2F-F340-4555-8CAE-85BD3C089722}.Debug|iPhoneSimulator.ActiveCfg = Debug|Any CPU
		{9BD69D2F-F340-4555-8CAE-85BD3C089722}.Debug|iPhoneSimulator.Build.0 = Debug|Any CPU
		{9BD69D2F-F340-4555-8CAE-85BD3C089722}.Debug|x64.ActiveCfg = Debug|Any CPU
		{9BD69D2F-F340-4555-8CAE-85BD3C089722}.Debug|x64.Build.0 = Debug|Any CPU
		{9BD69D2F-F340-4555-8CAE-85BD3C089722}.Debug|x86.ActiveCfg = Debug|Any CPU
		{9BD69D2F-F340-4555-8CAE-85BD3C089722}.Debug|x86.Build.0 = Debug|Any CPU
		{9BD69D2F-F340-4555-8CAE-85BD3C089722}.Release|Any CPU.ActiveCfg = Release|Any CPU
		{9BD69D2F-F340-4555-8CAE-85BD3C089722}.Release|Any CPU.Build.0 = Release|Any CPU
		{9BD69D2F-F340-4555-8CAE-85BD3C089722}.Release|ARM.ActiveCfg = Release|Any CPU
		{9BD69D2F-F340-4555-8CAE-85BD3C089722}.Release|ARM.Build.0 = Release|Any CPU
		{9BD69D2F-F340-4555-8CAE-85BD3C089722}.Release|iPhone.ActiveCfg = Release|Any CPU
		{9BD69D2F-F340-4555-8CAE-85BD3C089722}.Release|iPhone.Build.0 = Release|Any CPU
		{9BD69D2F-F340-4555-8CAE-85BD3C089722}.Release|iPhoneSimulator.ActiveCfg = Release|Any CPU
		{9BD69D2F-F340-4555-8CAE-85BD3C089722}.Release|iPhoneSimulator.Build.0 = Release|Any CPU
		{9BD69D2F-F340-4555-8CAE-85BD3C089722}.Release|x64.ActiveCfg = Release|Any CPU
		{9BD69D2F-F340-4555-8CAE-85BD3C089722}.Release|x64.Build.0 = Release|Any CPU
		{9BD69D2F-F340-4555-8CAE-85BD3C089722}.Release|x86.ActiveCfg = Release|Any CPU
		{9BD69D2F-F340-4555-8CAE-85BD3C089722}.Release|x86.Build.0 = Release|Any CPU
		{33B1157A-46B5-4FB6-8143-AD2821D9BCDC}.Ad-Hoc|Any CPU.ActiveCfg = Release|Any CPU
		{33B1157A-46B5-4FB6-8143-AD2821D9BCDC}.Ad-Hoc|Any CPU.Build.0 = Release|Any CPU
		{33B1157A-46B5-4FB6-8143-AD2821D9BCDC}.Ad-Hoc|ARM.ActiveCfg = Release|Any CPU
		{33B1157A-46B5-4FB6-8143-AD2821D9BCDC}.Ad-Hoc|ARM.Build.0 = Release|Any CPU
		{33B1157A-46B5-4FB6-8143-AD2821D9BCDC}.Ad-Hoc|iPhone.ActiveCfg = Release|Any CPU
		{33B1157A-46B5-4FB6-8143-AD2821D9BCDC}.Ad-Hoc|iPhone.Build.0 = Release|Any CPU
		{33B1157A-46B5-4FB6-8143-AD2821D9BCDC}.Ad-Hoc|iPhoneSimulator.ActiveCfg = Release|Any CPU
		{33B1157A-46B5-4FB6-8143-AD2821D9BCDC}.Ad-Hoc|iPhoneSimulator.Build.0 = Release|Any CPU
		{33B1157A-46B5-4FB6-8143-AD2821D9BCDC}.Ad-Hoc|x64.ActiveCfg = Release|Any CPU
		{33B1157A-46B5-4FB6-8143-AD2821D9BCDC}.Ad-Hoc|x64.Build.0 = Release|Any CPU
		{33B1157A-46B5-4FB6-8143-AD2821D9BCDC}.Ad-Hoc|x86.ActiveCfg = Release|Any CPU
		{33B1157A-46B5-4FB6-8143-AD2821D9BCDC}.Ad-Hoc|x86.Build.0 = Release|Any CPU
		{33B1157A-46B5-4FB6-8143-AD2821D9BCDC}.AppStore|Any CPU.ActiveCfg = Release|Any CPU
		{33B1157A-46B5-4FB6-8143-AD2821D9BCDC}.AppStore|Any CPU.Build.0 = Release|Any CPU
		{33B1157A-46B5-4FB6-8143-AD2821D9BCDC}.AppStore|ARM.ActiveCfg = Release|Any CPU
		{33B1157A-46B5-4FB6-8143-AD2821D9BCDC}.AppStore|ARM.Build.0 = Release|Any CPU
		{33B1157A-46B5-4FB6-8143-AD2821D9BCDC}.AppStore|iPhone.ActiveCfg = Release|Any CPU
		{33B1157A-46B5-4FB6-8143-AD2821D9BCDC}.AppStore|iPhone.Build.0 = Release|Any CPU
		{33B1157A-46B5-4FB6-8143-AD2821D9BCDC}.AppStore|iPhoneSimulator.ActiveCfg = Release|Any CPU
		{33B1157A-46B5-4FB6-8143-AD2821D9BCDC}.AppStore|iPhoneSimulator.Build.0 = Release|Any CPU
		{33B1157A-46B5-4FB6-8143-AD2821D9BCDC}.AppStore|x64.ActiveCfg = Release|Any CPU
		{33B1157A-46B5-4FB6-8143-AD2821D9BCDC}.AppStore|x64.Build.0 = Release|Any CPU
		{33B1157A-46B5-4FB6-8143-AD2821D9BCDC}.AppStore|x86.ActiveCfg = Release|Any CPU
		{33B1157A-46B5-4FB6-8143-AD2821D9BCDC}.AppStore|x86.Build.0 = Release|Any CPU
		{33B1157A-46B5-4FB6-8143-AD2821D9BCDC}.Debug|Any CPU.ActiveCfg = Debug|Any CPU
		{33B1157A-46B5-4FB6-8143-AD2821D9BCDC}.Debug|Any CPU.Build.0 = Debug|Any CPU
		{33B1157A-46B5-4FB6-8143-AD2821D9BCDC}.Debug|ARM.ActiveCfg = Debug|Any CPU
		{33B1157A-46B5-4FB6-8143-AD2821D9BCDC}.Debug|ARM.Build.0 = Debug|Any CPU
		{33B1157A-46B5-4FB6-8143-AD2821D9BCDC}.Debug|iPhone.ActiveCfg = Debug|Any CPU
		{33B1157A-46B5-4FB6-8143-AD2821D9BCDC}.Debug|iPhone.Build.0 = Debug|Any CPU
		{33B1157A-46B5-4FB6-8143-AD2821D9BCDC}.Debug|iPhoneSimulator.ActiveCfg = Debug|Any CPU
		{33B1157A-46B5-4FB6-8143-AD2821D9BCDC}.Debug|iPhoneSimulator.Build.0 = Debug|Any CPU
		{33B1157A-46B5-4FB6-8143-AD2821D9BCDC}.Debug|x64.ActiveCfg = Debug|Any CPU
		{33B1157A-46B5-4FB6-8143-AD2821D9BCDC}.Debug|x64.Build.0 = Debug|Any CPU
		{33B1157A-46B5-4FB6-8143-AD2821D9BCDC}.Debug|x86.ActiveCfg = Debug|Any CPU
		{33B1157A-46B5-4FB6-8143-AD2821D9BCDC}.Debug|x86.Build.0 = Debug|Any CPU
		{33B1157A-46B5-4FB6-8143-AD2821D9BCDC}.Release|Any CPU.ActiveCfg = Release|Any CPU
		{33B1157A-46B5-4FB6-8143-AD2821D9BCDC}.Release|Any CPU.Build.0 = Release|Any CPU
		{33B1157A-46B5-4FB6-8143-AD2821D9BCDC}.Release|ARM.ActiveCfg = Release|Any CPU
		{33B1157A-46B5-4FB6-8143-AD2821D9BCDC}.Release|ARM.Build.0 = Release|Any CPU
		{33B1157A-46B5-4FB6-8143-AD2821D9BCDC}.Release|iPhone.ActiveCfg = Release|Any CPU
		{33B1157A-46B5-4FB6-8143-AD2821D9BCDC}.Release|iPhone.Build.0 = Release|Any CPU
		{33B1157A-46B5-4FB6-8143-AD2821D9BCDC}.Release|iPhoneSimulator.ActiveCfg = Release|Any CPU
		{33B1157A-46B5-4FB6-8143-AD2821D9BCDC}.Release|iPhoneSimulator.Build.0 = Release|Any CPU
		{33B1157A-46B5-4FB6-8143-AD2821D9BCDC}.Release|x64.ActiveCfg = Release|Any CPU
		{33B1157A-46B5-4FB6-8143-AD2821D9BCDC}.Release|x64.Build.0 = Release|Any CPU
		{33B1157A-46B5-4FB6-8143-AD2821D9BCDC}.Release|x86.ActiveCfg = Release|Any CPU
		{33B1157A-46B5-4FB6-8143-AD2821D9BCDC}.Release|x86.Build.0 = Release|Any CPU
	EndGlobalSection
	GlobalSection(SolutionProperties) = preSolution
		HideSolutionNode = FALSE
	EndGlobalSection
	GlobalSection(NestedProjects) = preSolution
		{9BD69D2F-F340-4555-8CAE-85BD3C089722} = {DE9A6E38-DA62-46D6-B6D4-A33F2689F000}
		{33B1157A-46B5-4FB6-8143-AD2821D9BCDC} = {DE9A6E38-DA62-46D6-B6D4-A33F2689F000}
	EndGlobalSection
	GlobalSection(TeamFoundationVersionControl) = preSolution
		SccNumberOfProjects = 9
		SccEnterpriseProvider = {4CA58AB2-18FA-4F8D-95D4-32DDF27D184C}
		SccTeamFoundationServer = https://massimobonanni.visualstudio.com/
		SccLocalPath0 = .
		SccProjectUniqueName1 = MyTips.Test\\MyTips.Test.csproj
		SccProjectTopLevelParentUniqueName1 = MyTips.sln
		SccProjectName1 = MyTips.Test
		SccLocalPath1 = MyTips.Test
		SccProjectUniqueName2 = MyTips.UITest\\MyTips.UITest.csproj
		SccProjectTopLevelParentUniqueName2 = MyTips.sln
		SccProjectName2 = MyTips.UITest
		SccLocalPath2 = MyTips.UITest
		SccProjectUniqueName3 = MyTips\\MyTips.Droid\\MyTips.Droid.csproj
		SccProjectName3 = MyTips/MyTips.Droid
		SccLocalPath3 = MyTips\\MyTips.Droid
		SccProjectUniqueName4 = MyTips\\MyTips.iOS\\MyTips.iOS.csproj
		SccProjectName4 = MyTips/MyTips.iOS
		SccLocalPath4 = MyTips\\MyTips.iOS
		SccProjectUniqueName5 = MyTips\\MyTips.UWP\\MyTips.UWP.csproj
		SccProjectName5 = MyTips/MyTips.UWP
		SccLocalPath5 = MyTips\\MyTips.UWP
		SccProjectUniqueName6 = MyTips\\MyTips.Windows\\MyTips.Windows.csproj
		SccProjectName6 = MyTips/MyTips.Windows
		SccLocalPath6 = MyTips\\MyTips.Windows
		SccProjectUniqueName7 = MyTips\\MyTips.WinPhone\\MyTips.WinPhone.csproj
		SccProjectName7 = MyTips/MyTips.WinPhone
		SccLocalPath7 = MyTips\\MyTips.WinPhone
		SccProjectUniqueName8 = MyTips\\MyTips\\MyTips.csproj
		SccProjectName8 = MyTips/MyTips
		SccLocalPath8 = MyTips\\MyTips
	EndGlobalSection
EndGlobal
